
Microsoft Visual Studio Solution File, Format Version 12.00
# Visual Studio 15
VisualStudioVersion = 15.0.27703.2018
MinimumVisualStudioVersion = 10.0.40219.1
Project("{FAE04EC0-301F-11D3-BF4B-00C04F79EFBC}") = "OnlineJudge", "OnlineJudge\OnlineJudge.csproj", "{28CE9AD1-0697-40FB-819B-00C5A33D6AB6}"
EndProject
Project("{FAE04EC0-301F-11D3-BF4B-00C04F79EFBC}") = "CodeRunner", "CodeRunner\CodeRunner.csproj", "{1CC2B8DA-5226-4A5E-942D-008C06650620}"
EndProject
Project("{FAE04EC0-301F-11D3-BF4B-00C04F79EFBC}") = "OnlineJudgeTests", "OnlineJudgeTests\OnlineJudgeTests.csproj", "{5A228205-F5B5-4092-81D6-AD9DD81107A2}"
EndProject
Global
	GlobalSection(SolutionConfigurationPlatforms) = preSolution
		Debug|Any CPU = Debug|Any CPU
		Release|Any CPU = Release|Any CPU
	EndGlobalSection
	GlobalSection(ProjectConfigurationPlatforms) = postSolution
		{28CE9AD1-0697-40FB-819B-00C5A33D6AB6}.Debug|Any CPU.ActiveCfg = Debug|Any CPU
		{28CE9AD1-0697-40FB-819B-00C5A33D6AB6}.Debug|Any CPU.Build.0 = Debug|Any CPU
		{28CE9AD1-0697-40FB-819B-00C5A33D6AB6}.Release|Any CPU.ActiveCfg = Release|Any CPU
		{28CE9AD1-0697-40FB-819B-00C5A33D6AB6}.Release|Any CPU.Build.0 = Release|Any CPU
		{1CC2B8DA-5226-4A5E-942D-008C06650620}.Debug|Any CPU.ActiveCfg = Debug|Any CPU
		{1CC2B8DA-5226-4A5E-942D-008C06650620}.Debug|Any CPU.Build.0 = Debug|Any CPU
		{1CC2B8DA-5226-4A5E-942D-008C06650620}.Release|Any CPU.ActiveCfg = Release|Any CPU
		{1CC2B8DA-5226-4A5E-942D-008C06650620}.Release|Any CPU.Build.0 = Release|Any CPU
		{5A228205-F5B5-4092-81D6-AD9DD81107A2}.Debug|Any CPU.ActiveCfg = Debug|Any CPU
		{5A228205-F5B5-4092-81D6-AD9DD81107A2}.Debug|Any CPU.Build.0 = Debug|Any CPU
		{5A228205-F5B5-4092-81D6-AD9DD81107A2}.Release|Any CPU.ActiveCfg = Release|Any CPU
		{5A228205-F5B5-4092-81D6-AD9DD81107A2}.Release|Any CPU.Build.0 = Release|Any CPU
	EndGlobalSection
	GlobalSection(SolutionProperties) = preSolution
		HideSolutionNode = FALSE
	EndGlobalSection
	GlobalSection(ExtensibilityGlobals) = postSolution
		SolutionGuid = {0472DC69-3F1D-4D61-A965-02497C533BD1}
	EndGlobalSection
EndGlobal
